
Microsoft Visual Studio Solution File, Format Version 12.00
# Visual Studio Version 17
VisualStudioVersion = 17.8.34525.116
MinimumVisualStudioVersion = 10.0.40219.1
Project("{9A19103F-16F7-4668-BE54-9A1E7A4F7556}") = "Application.Services", "src\Application.Services\Application.Services.csproj", "{FBB19034-C1EA-49BA-A8D5-8A0D9F59E563}"
EndProject
Project("{9A19103F-16F7-4668-BE54-9A1E7A4F7556}") = "Domain.Core", "src\Domain.Core\Domain.Core.csproj", "{58463ED9-5551-4A66-8E65-F6658BF8B471}"
EndProject
Project("{9A19103F-16F7-4668-BE54-9A1E7A4F7556}") = "Domain.Services", "src\Domain.Services\Domain.Services.csproj", "{C55038AC-9D44-4D12-BD82-CEB2C8FD7051}"
EndProject
Project("{9A19103F-16F7-4668-BE54-9A1E7A4F7556}") = "Data.Repositories", "src\Data.Repositories\Data.Repositories.csproj", "{DEB94172-81F7-4A63-8AF7-60E31D7F4380}"
EndProject
Project("{9A19103F-16F7-4668-BE54-9A1E7A4F7556}") = "Domain.Models", "src\Domain.Models\Domain.Models.csproj", "{ED1F90D7-7593-4EEC-B056-DC29792EA658}"
EndProject
Project("{9A19103F-16F7-4668-BE54-9A1E7A4F7556}") = "Presentation.Web", "src\Presentation.Web\Presentation.Web.csproj", "{AD341E44-7A33-4CDA-8B42-07E8F1A0BAEC}"
EndProject
Project("{9A19103F-16F7-4668-BE54-9A1E7A4F7556}") = "Domain.Shared", "src\Domain.Shared\Domain.Shared.csproj", "{A789496F-FAA5-477A-89EB-7C32C1FB4350}"
EndProject
Project("{FAE04EC0-301F-11D3-BF4B-00C04F79EFBC}") = "Domain.Services.Integration.Tests", "tests\Domain.Services.Interation.Tests\Domain.Services.Integration.Tests.csproj", "{739CC3B1-D2C4-4D7B-B6DB-89411A808FD8}"
EndProject
Project("{9A19103F-16F7-4668-BE54-9A1E7A4F7556}") = "Domain.Services.Tests", "tests\Domain.Services.Tests\Domain.Services.Tests.csproj", "{3C7B6E52-8CDB-42AC-A963-E2157102AE88}"
EndProject
Project("{2150E333-8FDC-42A3-9474-1A3956D46DE8}") = "src", "src", "{6D20659E-21AA-4240-8E9E-BC3B1C831F03}"
EndProject
Project("{2150E333-8FDC-42A3-9474-1A3956D46DE8}") = "tests", "tests", "{203547FF-E642-4D3C-9789-D3264AA8AD9B}"
EndProject
Project("{2150E333-8FDC-42A3-9474-1A3956D46DE8}") = "Solution Items", "Solution Items", "{CD3C29D4-3A80-43B3-852C-22052794B467}"
	ProjectSection(SolutionItems) = preProject
		README.md = README.md
	EndProjectSection
EndProject
Global
	GlobalSection(SolutionConfigurationPlatforms) = preSolution
		Debug|Any CPU = Debug|Any CPU
		Release|Any CPU = Release|Any CPU
	EndGlobalSection
	GlobalSection(ProjectConfigurationPlatforms) = postSolution
		{FBB19034-C1EA-49BA-A8D5-8A0D9F59E563}.Debug|Any CPU.ActiveCfg = Debug|Any CPU
		{FBB19034-C1EA-49BA-A8D5-8A0D9F59E563}.Debug|Any CPU.Build.0 = Debug|Any CPU
		{FBB19034-C1EA-49BA-A8D5-8A0D9F59E563}.Release|Any CPU.ActiveCfg = Release|Any CPU
		{FBB19034-C1EA-49BA-A8D5-8A0D9F59E563}.Release|Any CPU.Build.0 = Release|Any CPU
		{58463ED9-5551-4A66-8E65-F6658BF8B471}.Debug|Any CPU.ActiveCfg = Debug|Any CPU
		{58463ED9-5551-4A66-8E65-F6658BF8B471}.Debug|Any CPU.Build.0 = Debug|Any CPU
		{58463ED9-5551-4A66-8E65-F6658BF8B471}.Release|Any CPU.ActiveCfg = Release|Any CPU
		{58463ED9-5551-4A66-8E65-F6658BF8B471}.Release|Any CPU.Build.0 = Release|Any CPU
		{C55038AC-9D44-4D12-BD82-CEB2C8FD7051}.Debug|Any CPU.ActiveCfg = Debug|Any CPU
		{C55038AC-9D44-4D12-BD82-CEB2C8FD7051}.Debug|Any CPU.Build.0 = Debug|Any CPU
		{C55038AC-9D44-4D12-BD82-CEB2C8FD7051}.Release|Any CPU.ActiveCfg = Release|Any CPU
		{C55038AC-9D44-4D12-BD82-CEB2C8FD7051}.Release|Any CPU.Build.0 = Release|Any CPU
		{DEB94172-81F7-4A63-8AF7-60E31D7F4380}.Debug|Any CPU.ActiveCfg = Debug|Any CPU
		{DEB94172-81F7-4A63-8AF7-60E31D7F4380}.Debug|Any CPU.Build.0 = Debug|Any CPU
		{DEB94172-81F7-4A63-8AF7-60E31D7F4380}.Release|Any CPU.ActiveCfg = Release|Any CPU
		{DEB94172-81F7-4A63-8AF7-60E31D7F4380}.Release|Any CPU.Build.0 = Release|Any CPU
		{ED1F90D7-7593-4EEC-B056-DC29792EA658}.Debug|Any CPU.ActiveCfg = Debug|Any CPU
		{ED1F90D7-7593-4EEC-B056-DC29792EA658}.Debug|Any CPU.Build.0 = Debug|Any CPU
		{ED1F90D7-7593-4EEC-B056-DC29792EA658}.Release|Any CPU.ActiveCfg = Release|Any CPU
		{ED1F90D7-7593-4EEC-B056-DC29792EA658}.Release|Any CPU.Build.0 = Release|Any CPU
		{AD341E44-7A33-4CDA-8B42-07E8F1A0BAEC}.Debug|Any CPU.ActiveCfg = Debug|Any CPU
		{AD341E44-7A33-4CDA-8B42-07E8F1A0BAEC}.Debug|Any CPU.Build.0 = Debug|Any CPU
		{AD341E44-7A33-4CDA-8B42-07E8F1A0BAEC}.Release|Any CPU.ActiveCfg = Release|Any CPU
		{AD341E44-7A33-4CDA-8B42-07E8F1A0BAEC}.Release|Any CPU.Build.0 = Release|Any CPU
		{A789496F-FAA5-477A-89EB-7C32C1FB4350}.Debug|Any CPU.ActiveCfg = Debug|Any CPU
		{A789496F-FAA5-477A-89EB-7C32C1FB4350}.Debug|Any CPU.Build.0 = Debug|Any CPU
		{A789496F-FAA5-477A-89EB-7C32C1FB4350}.Release|Any CPU.ActiveCfg = Release|Any CPU
		{A789496F-FAA5-477A-89EB-7C32C1FB4350}.Release|Any CPU.Build.0 = Release|Any CPU
		{739CC3B1-D2C4-4D7B-B6DB-89411A808FD8}.Debug|Any CPU.ActiveCfg = Debug|Any CPU
		{739CC3B1-D2C4-4D7B-B6DB-89411A808FD8}.Debug|Any CPU.Build.0 = Debug|Any CPU
		{739CC3B1-D2C4-4D7B-B6DB-89411A808FD8}.Release|Any CPU.ActiveCfg = Release|Any CPU
		{739CC3B1-D2C4-4D7B-B6DB-89411A808FD8}.Release|Any CPU.Build.0 = Release|Any CPU
		{3C7B6E52-8CDB-42AC-A963-E2157102AE88}.Debug|Any CPU.ActiveCfg = Debug|Any CPU
		{3C7B6E52-8CDB-42AC-A963-E2157102AE88}.Debug|Any CPU.Build.0 = Debug|Any CPU
		{3C7B6E52-8CDB-42AC-A963-E2157102AE88}.Release|Any CPU.ActiveCfg = Release|Any CPU
		{3C7B6E52-8CDB-42AC-A963-E2157102AE88}.Release|Any CPU.Build.0 = Release|Any CPU
	EndGlobalSection
	GlobalSection(SolutionProperties) = preSolution
		HideSolutionNode = FALSE
	EndGlobalSection
	GlobalSection(NestedProjects) = preSolution
		{FBB19034-C1EA-49BA-A8D5-8A0D9F59E563} = {6D20659E-21AA-4240-8E9E-BC3B1C831F03}
		{58463ED9-5551-4A66-8E65-F6658BF8B471} = {6D20659E-21AA-4240-8E9E-BC3B1C831F03}
		{C55038AC-9D44-4D12-BD82-CEB2C8FD7051} = {6D20659E-21AA-4240-8E9E-BC3B1C831F03}
		{DEB94172-81F7-4A63-8AF7-60E31D7F4380} = {6D20659E-21AA-4240-8E9E-BC3B1C831F03}
		{ED1F90D7-7593-4EEC-B056-DC29792EA658} = {6D20659E-21AA-4240-8E9E-BC3B1C831F03}
		{AD341E44-7A33-4CDA-8B42-07E8F1A0BAEC} = {6D20659E-21AA-4240-8E9E-BC3B1C831F03}
		{A789496F-FAA5-477A-89EB-7C32C1FB4350} = {6D20659E-21AA-4240-8E9E-BC3B1C831F03}
		{739CC3B1-D2C4-4D7B-B6DB-89411A808FD8} = {203547FF-E642-4D3C-9789-D3264AA8AD9B}
		{3C7B6E52-8CDB-42AC-A963-E2157102AE88} = {203547FF-E642-4D3C-9789-D3264AA8AD9B}
	EndGlobalSection
	GlobalSection(ExtensibilityGlobals) = postSolution
		SolutionGuid = {70E87CEF-9125-4D70-ABF2-D61B2C1FFC6D}
	EndGlobalSection
EndGlobal
